
Microsoft Visual Studio Solution File, Format Version 12.00
# Visual Studio Version 17
VisualStudioVersion = 17.4.33103.184
MinimumVisualStudioVersion = 10.0.40219.1
Project("{FAE04EC0-301F-11D3-BF4B-00C04F79EFBC}") = "TaskManagerAPI", "TaskManagerAPI.csproj", "{FA9D366F-AB5C-4096-8624-9D8BD01A470D}"
EndProject
Global
	GlobalSection(SolutionConfigurationPlatforms) = preSolution
		Debug|Any CPU = Debug|Any CPU
		Release|Any CPU = Release|Any CPU
	EndGlobalSection
	GlobalSection(ProjectConfigurationPlatforms) = postSolution
		{FA9D366F-AB5C-4096-8624-9D8BD01A470D}.Debug|Any CPU.ActiveCfg = Debug|Any CPU
		{FA9D366F-AB5C-4096-8624-9D8BD01A470D}.Debug|Any CPU.Build.0 = Debug|Any CPU
		{FA9D366F-AB5C-4096-8624-9D8BD01A470D}.Release|Any CPU.ActiveCfg = Release|Any CPU
		{FA9D366F-AB5C-4096-8624-9D8BD01A470D}.Release|Any CPU.Build.0 = Release|Any CPU
	EndGlobalSection
	GlobalSection(SolutionProperties) = preSolution
		HideSolutionNode = FALSE
	EndGlobalSection
	GlobalSection(ExtensibilityGlobals) = postSolution
		SolutionGuid = {223ABBD5-0674-457B-A21A-F9E8A3E83082}
	EndGlobalSection
EndGlobal
